
Microsoft Visual Studio Solution File, Format Version 12.00
# Visual Studio Version 17
VisualStudioVersion = 17.11.35327.3
MinimumVisualStudioVersion = 10.0.40219.1
Project("{9A19103F-16F7-4668-BE54-9A1E7A4F7556}") = "Hotel", "Hotel\Hotel.csproj", "{6CF331DE-C63A-4B78-A010-B4F2348E4875}"
EndProject
Global
	GlobalSection(SolutionConfigurationPlatforms) = preSolution
		Debug|Any CPU = Debug|Any CPU
		Release|Any CPU = Release|Any CPU
	EndGlobalSection
	GlobalSection(ProjectConfigurationPlatforms) = postSolution
		{6CF331DE-C63A-4B78-A010-B4F2348E4875}.Debug|Any CPU.ActiveCfg = Debug|Any CPU
		{6CF331DE-C63A-4B78-A010-B4F2348E4875}.Debug|Any CPU.Build.0 = Debug|Any CPU
		{6CF331DE-C63A-4B78-A010-B4F2348E4875}.Release|Any CPU.ActiveCfg = Release|Any CPU
		{6CF331DE-C63A-4B78-A010-B4F2348E4875}.Release|Any CPU.Build.0 = Release|Any CPU
	EndGlobalSection
	GlobalSection(SolutionProperties) = preSolution
		HideSolutionNode = FALSE
	EndGlobalSection
	GlobalSection(ExtensibilityGlobals) = postSolution
		SolutionGuid = {3933565D-5D15-4F39-BE59-4FE26745295B}
	EndGlobalSection
EndGlobal
